
Microsoft Visual Studio Solution File, Format Version 12.00
# Visual Studio Version 17
VisualStudioVersion = 17.1.32104.313
MinimumVisualStudioVersion = 10.0.40219.1
Project("{FAE04EC0-301F-11D3-BF4B-00C04F79EFBC}") = "tapsiriq 9 CS", "tapsiriq 9 CS\tapsiriq 9 CS.csproj", "{0C5E8EC6-64D8-4314-824E-ED320F7A9CFB}"
EndProject
Global
	GlobalSection(SolutionConfigurationPlatforms) = preSolution
		Debug|Any CPU = Debug|Any CPU
		Release|Any CPU = Release|Any CPU
	EndGlobalSection
	GlobalSection(ProjectConfigurationPlatforms) = postSolution
		{0C5E8EC6-64D8-4314-824E-ED320F7A9CFB}.Debug|Any CPU.ActiveCfg = Debug|Any CPU
		{0C5E8EC6-64D8-4314-824E-ED320F7A9CFB}.Debug|Any CPU.Build.0 = Debug|Any CPU
		{0C5E8EC6-64D8-4314-824E-ED320F7A9CFB}.Release|Any CPU.ActiveCfg = Release|Any CPU
		{0C5E8EC6-64D8-4314-824E-ED320F7A9CFB}.Release|Any CPU.Build.0 = Release|Any CPU
	EndGlobalSection
	GlobalSection(SolutionProperties) = preSolution
		HideSolutionNode = FALSE
	EndGlobalSection
	GlobalSection(ExtensibilityGlobals) = postSolution
		SolutionGuid = {D793D5FD-527B-43B6-B783-87DC30059AE8}
	EndGlobalSection
EndGlobal
